
Microsoft Visual Studio Solution File, Format Version 12.00
# Visual Studio Version 16
VisualStudioVersion = 25.0.1706.2
MinimumVisualStudioVersion = 10.0.40219.1
Project("{FAE04EC0-301F-11D3-BF4B-00C04F79EFBC}") = "BingoMaker", "BingoMaker\BingoMaker.csproj", "{76EE75C4-150D-4970-8B54-B7E184C3707B}"
EndProject
Global
	GlobalSection(SolutionConfigurationPlatforms) = preSolution
		Debug|Any CPU = Debug|Any CPU
		Release|Any CPU = Release|Any CPU
	EndGlobalSection
	GlobalSection(ProjectConfigurationPlatforms) = postSolution
		{76EE75C4-150D-4970-8B54-B7E184C3707B}.Debug|Any CPU.ActiveCfg = Debug|Any CPU
		{76EE75C4-150D-4970-8B54-B7E184C3707B}.Debug|Any CPU.Build.0 = Debug|Any CPU
		{76EE75C4-150D-4970-8B54-B7E184C3707B}.Release|Any CPU.ActiveCfg = Release|Any CPU
		{76EE75C4-150D-4970-8B54-B7E184C3707B}.Release|Any CPU.Build.0 = Release|Any CPU
	EndGlobalSection
	GlobalSection(SolutionProperties) = preSolution
		HideSolutionNode = FALSE
	EndGlobalSection
	GlobalSection(ExtensibilityGlobals) = postSolution
		SolutionGuid = {E75BDD75-D7D9-4A61-AC31-0794EFE28C9A}
	EndGlobalSection
EndGlobal
